Microsoft Visual Studio Solution File, Format Version 10.0
# Visual Studio 2008
Project("{8BC9CEB8-8B4A-11D0-8D11-00A0C91BC942}") = "IceDataExport", "\n4\pkg\MrServers\MrVista\Ice\IceIdeaFunctors\IceDataExport\IceDataExport.vcproj", "{A1B2FAEC-7AFE-42EA-A39B-B093718808C5}"
EndProject
Global
	GlobalSection(SolutionConfigurationPlatforms) = preSolution
		Debug|Win32 = Debug|Win32
		Release|Win32 = Release|Win32
		Linux|Win32 = Linux|Win32
	EndGlobalSection
	GlobalSection(ProjectConfigurationPlatforms) = postSolution
		{A1B2FAEC-7AFE-42EA-A39B-B093718808C5}.Debug|Win32.ActiveCfg = Debug|Win32
		{A1B2FAEC-7AFE-42EA-A39B-B093718808C5}.Debug|Win32.Build.0 = Debug|Win32
		{A1B2FAEC-7AFE-42EA-A39B-B093718808C5}.Release|Win32.ActiveCfg = Release|Win32
		{A1B2FAEC-7AFE-42EA-A39B-B093718808C5}.Release|Win32.Build.0 = Release|Win32
		{A1B2FAEC-7AFE-42EA-A39B-B093718808C5}.Linux|Win32.ActiveCfg = Linux|Win32
		{A1B2FAEC-7AFE-42EA-A39B-B093718808C5}.Linux|Win32.Build.0 = Linux|Win32
	EndGlobalSection
	GlobalSection(SolutionProperties) = preSolution
		HideSolutionNode = FALSE
	EndGlobalSection
EndGlobal
